// !$*UTF8*$!
{
	archiveVersion = 1;
	classes = {
	};
	objectVersion = 50;
	objects = {

/* Begin PBXBuildFile section */
		AADEE02D244DD11A00FC880A /* AppDelegate.swift in Sources */ = {isa = PBXBuildFile; fileRef = AADEE02C244DD11A00FC880A /* AppDelegate.swift */; };
		AADEE02F244DD11A00FC880A /* SceneDelegate.swift in Sources */ = {isa = PBXBuildFile; fileRef = AADEE02E244DD11A00FC880A /* SceneDelegate.swift */; };
		AADEE031244DD11A00FC880A /* ViewController.swift in Sources */ = {isa = PBXBuildFile; fileRef = AADEE030244DD11A00FC880A /* ViewController.swift */; };
		AADEE034244DD11A00FC880A /* Main.storyboard in Resources */ = {isa = PBXBuildFile; fileRef = AADEE032244DD11A00FC880A /* Main.storyboard */; };
		AADEE036244DD11B00FC880A /* Assets.xcassets in Resources */ = {isa = PBXBuildFile; fileRef = AADEE035244DD11B00FC880A /* Assets.xcassets */; };
		AADEE039244DD11B00FC880A /* LaunchScreen.storyboard in Resources */ = {isa = PBXBuildFile; fileRef = AADEE037244DD11B00FC880A /* LaunchScreen.storyboard */; };
		AADEE048244DD5CC00FC880A /* WarmodroidSwitch.swift in Sources */ = {isa = PBXBuildFile; fileRef = AADEE047244DD5CC00FC880A /* WarmodroidSwitch.swift */; };
/* End PBXBuildFile section */

/* Begin PBXFileReference section */
		AADEE029244DD11A00FC880A /* WarmodroidSwitch.app */ = {isa = PBXFileReference; explicitFileType = wrapper.application; includeInIndex = 0; path = WarmodroidSwitch.app; sourceTree = BUILT_PRODUCTS_DIR; };
		AADEE02C244DD11A00FC880A /* AppDelegate.swift */ = {isa = PBXFileReference; lastKnownFileType = sourcecode.swift; path = AppDelegate.swift; sourceTree = "<group>"; };
		AADEE02E244DD11A00FC880A /* SceneDelegate.swift */ = {isa = PBXFileReference; lastKnownFileType = sourcecode.swift; path = SceneDelegate.swift; sourceTree = "<group>"; };
		AADEE030244DD11A00FC880A /* ViewController.swift */ = {isa = PBXFileReference; lastKnownFileType = sourcecode.swift; path = ViewController.swift; sourceTree = "<group>"; };
		AADEE033244DD11A00FC880A /* Base */ = {isa = PBXFileReference; lastKnownFileType = file.storyboard; name = Base; path = Base.lproj/Main.storyboard; sourceTree = "<group>"; };
		AADEE035244DD11B00FC880A /* Assets.xcassets */ = {isa = PBXFileReference; lastKnownFileType = folder.assetcatalog; path = Assets.xcassets; sourceTree = "<group>"; };
		AADEE038244DD11B00FC880A /* Base */ = {isa = PBXFileReference; lastKnownFileType = file.storyboard; name = Base; path = Base.lproj/LaunchScreen.storyboard; sourceTree = "<group>"; };
		AADEE03A244DD11B00FC880A /* Info.plist */ = {isa = PBXFileReference; lastKnownFileType = text.plist.xml; path = Info.plist; sourceTree = "<group>"; };
		AADEE047244DD5CC00FC880A /* WarmodroidSwitch.swift */ = {isa = PBXFileReference; lastKnownFileType = sourcecode.swift; path = WarmodroidSwitch.swift; sourceTree = "<group>"; };
/* End PBXFileReference section */

/* Begin PBXFrameworksBuildPhase section */
		AADEE026244DD11A00FC880A /* Frameworks */ = {
			isa = PBXFrameworksBuildPhase;
			buildActionMask = 2147483647;
			files = (
			);
			runOnlyForDeploymentPostprocessing = 0;
		};
/* End PBXFrameworksBuildPhase section */

/* Begin PBXGroup section */
		AADEE020244DD11A00FC880A = {
			isa = PBXGroup;
			children = (
				AADEE02B244DD11A00FC880A /* WarmodroidSwitch */,
				AADEE02A244DD11A00FC880A /* Products */,
			);
			sourceTree = "<group>";
		};
		AADEE02A244DD11A00FC880A /* Products */ = {
			isa = PBXGroup;
			children = (
				AADEE029244DD11A00FC880A /* WarmodroidSwitch.app */,
			);
			name = Products;
			sourceTree = "<group>";
		};
		AADEE02B244DD11A00FC880A /* WarmodroidSwitch */ = {
			isa = PBXGroup;
			children = (
				AADEE040244DD13500FC880A /* switch */,
				AADEE02C244DD11A00FC880A /* AppDelegate.swift */,
				AADEE02E244DD11A00FC880A /* SceneDelegate.swift */,
				AADEE030244DD11A00FC880A /* ViewController.swift */,
				AADEE032244DD11A00FC880A /* Main.storyboard */,
				AADEE035244DD11B00FC880A /* Assets.xcassets */,
				AADEE037244DD11B00FC880A /* LaunchScreen.storyboard */,
				AADEE03A244DD11B00FC880A /* Info.plist */,
			);
			path = WarmodroidSwitch;
			sourceTree = "<group>";
		};
		AADEE040244DD13500FC880A /* switch */ = {
			isa = PBXGroup;
			children = (
				AADEE047244DD5CC00FC880A /* WarmodroidSwitch.swift */,
			);
			path = switch;
			sourceTree = "<group>";
		};
/* End PBXGroup section */

/* Begin PBXNativeTarget section */
		AADEE028244DD11A00FC880A /* WarmodroidSwitch */ = {
			isa = PBXNativeTarget;
			buildConfigurationList = AADEE03D244DD11B00FC880A /* Build configuration list for PBXNativeTarget "WarmodroidSwitch" */;
			buildPhases = (
				AADEE025244DD11A00FC880A /* Sources */,
				AADEE026244DD11A00FC880A /* Frameworks */,
				AADEE027244DD11A00FC880A /* Resources */,
			);
			buildRules = (
			);
			dependencies = (
			);
			name = WarmodroidSwitch;
			productName = WarmodroidSwitch;
			productReference = AADEE029244DD11A00FC880A /* WarmodroidSwitch.app */;
			productType = "com.apple.product-type.application";
		};
/* End PBXNativeTarget section */

/* Begin PBXProject section */
		AADEE021244DD11A00FC880A /* Project object */ = {
			isa = PBXProject;
			attributes = {
				LastSwiftUpdateCheck = 1140;
				LastUpgradeCheck = 1140;
				ORGANIZATIONNAME = "Mohit Agrawal";
				TargetAttributes = {
					AADEE028244DD11A00FC880A = {
						CreatedOnToolsVersion = 11.4;
					};
				};
			};
			buildConfigurationList = AADEE024244DD11A00FC880A /* Build configuration list for PBXProject "WarmodroidSwitch" */;
			compatibilityVersion = "Xcode 9.3";
			developmentRegion = en;
			hasScannedForEncodings = 0;
			knownRegions = (
				en,
				Base,
			);
			mainGroup = AADEE020244DD11A00FC880A;
			productRefGroup = AADEE02A244DD11A00FC880A /* Products */;
			projectDirPath = "";
			projectRoot = "";
			targets = (
				AADEE028244DD11A00FC880A /* WarmodroidSwitch */,
			);
		};
/* End PBXProject section */

/* Begin PBXResourcesBuildPhase section */
		AADEE027244DD11A00FC880A /* Resources */ = {
			isa = PBXResourcesBuildPhase;
			buildActionMask = 2147483647;
			files = (
				AADEE039244DD11B00FC880A /* LaunchScreen.storyboard in Resources */,
				AADEE036244DD11B00FC880A /* Assets.xcassets in Resources */,
				AADEE034244DD11A00FC880A /* Main.storyboard in Resources */,
			);
			runOnlyForDeploymentPostprocessing = 0;
		};
/* End PBXResourcesBuildPhase section */

/* Begin PBXSourcesBuildPhase section */
		AADEE025244DD11A00FC880A /* Sources */ = {
			isa = PBXSourcesBuildPhase;
			buildActionMask = 2147483647;
			files = (
				AADEE031244DD11A00FC880A /* ViewController.swift in Sources */,
				AADEE02D244DD11A00FC880A /* AppDelegate.swift in Sources */,
				AADEE02F244DD11A00FC880A /* SceneDelegate.swift in Sources */,
				AADEE048244DD5CC00FC880A /* WarmodroidSwitch.swift in Sources */,
			);
			runOnlyForDeploymentPostprocessing = 0;
		};
/* End PBXSourcesBuildPhase section */

/* Begin PBXVariantGroup section */
		AADEE032244DD11A00FC880A /* Main.storyboard */ = {
			isa = PBXVariantGroup;
			children = (
				AADEE033244DD11A00FC880A /* Base */,
			);
			name = Main.storyboard;
			sourceTree = "<group>";
		};
		AADEE037244DD11B00FC880A /* LaunchScreen.storyboard */ = {
			isa = PBXVariantGroup;
			children = (
				AADEE038244DD11B00FC880A /* Base */,
			);
			name = LaunchScreen.storyboard;
			sourceTree = "<group>";
		};
/* End PBXVariantGroup section */

/* Begin XCBuildConfiguration section */
		AADEE03B244DD11B00FC880A /* Debug */ = {
			isa = XCBuildConfiguration;
			buildSettings = {
				ALWAYS_SEARCH_USER_PATHS = NO;
				CLANG_ANALYZER_NONNULL = YES;
				CLANG_ANALYZER_NUMBER_OBJECT_CONVERSION = YES_AGGRESSIVE;
				CLANG_CXX_LANGUAGE_STANDARD = "gnu++14";
				CLANG_CXX_LIBRARY = "libc++";
				CLANG_ENABLE_MODULES = YES;
				CLANG_ENABLE_OBJC_ARC = YES;
				CLANG_ENABLE_OBJC_WEAK = YES;
				CLANG_WARN_BLOCK_CAPTURE_AUTORELEASING = YES;
				CLANG_WARN_BOOL_CONVERSION = YES;
				CLANG_WARN_COMMA = YES;
				CLANG_WARN_CONSTANT_CONVERSION = YES;
				CLANG_WARN_DEPRECATED_OBJC_IMPLEMENTATIONS = YES;
				CLANG_WARN_DIRECT_OBJC_ISA_USAGE = YES_ERROR;
				CLANG_WARN_DOCUMENTATION_COMMENTS = YES;
				CLANG_WARN_EMPTY_BODY = YES;
				CLANG_WARN_ENUM_CONVERSION = YES;
				CLANG_WARN_INFINITE_RECURSION = YES;
				CLANG_WARN_INT_CONVERSION = YES;
				CLANG_WARN_NON_LITERAL_NULL_CONVERSION = YES;
				CLANG_WARN_OBJC_IMPLICIT_RETAIN_SELF = YES;
				CLANG_WARN_OBJC_LITERAL_CONVERSION = YES;
				CLANG_WARN_OBJC_ROOT_CLASS = YES_ERROR;
				CLANG_WARN_RANGE_LOOP_ANALYSIS = YES;
				CLANG_WARN_STRICT_PROTOTYPES = YES;
				CLANG_WARN_SUSPICIOUS_MOVE = YES;
				CLANG_WARN_UNGUARDED_AVAILABILITY = YES_AGGRESSIVE;
				CLANG_WARN_UNREACHABLE_CODE = YES;
				CLANG_WARN__DUPLICATE_METHOD_MATCH = YES;
				COPY_PHASE_STRIP = NO;
				DEBUG_INFORMATION_FORMAT = dwarf;
				ENABLE_STRICT_OBJC_MSGSEND = YES;
				ENABLE_TESTABILITY = YES;
				GCC_C_LANGUAGE_STANDARD = gnu11;
				GCC_DYNAMIC_NO_PIC = NO;
				GCC_NO_COMMON_BLOCKS = YES;
				GCC_OPTIMIZATION_LEVEL = 0;
				GCC_PREPROCESSOR_DEFINITIONS = (
					"DEBUG=1",
					"$(inherited)",
				);
				GCC_WARN_64_TO_32_BIT_CONVERSION = YES;
				GCC_WARN_ABOUT_RETURN_TYPE = YES_ERROR;
				GCC_WARN_UNDECLARED_SELECTOR = YES;
				GCC_WARN_UNINITIALIZED_AUTOS = YES_AGGRESSIVE;
				GCC_WARN_UNUSED_FUNCTION = YES;
				GCC_WARN_UNUSED_VARIABLE = YES;
				IPHONEOS_DEPLOYMENT_TARGET = 13.4;
				MTL_ENABLE_DEBUG_INFO = INCLUDE_SOURCE;
				MTL_FAST_MATH = YES;
				ONLY_ACTIVE_ARCH = YES;
				SDKROOT = iphoneos;
				SWIFT_ACTIVE_COMPILATION_CONDITIONS = DEBUG;
				SWIFT_OPTIMIZATION_LEVEL = "-Onone";
			};
			name = Debug;
		};
		AADEE03C244DD11B00FC880A /* Release */ = {
			isa = XCBuildConfiguration;
			buildSettings = {
				ALWAYS_SEARCH_USER_PATHS = NO;
				CLANG_ANALYZER_NONNULL = YES;
				CLANG_ANALYZER_NUMBER_OBJECT_CONVERSION = YES_AGGRESSIVE;
				CLANG_CXX_LANGUAGE_STANDARD = "gnu++14";
				CLANG_CXX_LIBRARY = "libc++";
				CLANG_ENABLE_MODULES = YES;
				CLANG_ENABLE_OBJC_ARC = YES;
				CLANG_ENABLE_OBJC_WEAK = YES;
				CLANG_WARN_BLOCK_CAPTURE_AUTORELEASING = YES;
				CLANG_WARN_BOOL_CONVERSION = YES;
				CLANG_WARN_COMMA = YES;
				CLANG_WARN_CONSTANT_CONVERSION = YES;
				CLANG_WARN_DEPRECATED_OBJC_IMPLEMENTATIONS = YES;
				CLANG_WARN_DIRECT_OBJC_ISA_USAGE = YES_ERROR;
				CLANG_WARN_DOCUMENTATION_COMMENTS = YES;
				CLANG_WARN_EMPTY_BODY = YES;
				CLANG_WARN_ENUM_CONVERSION = YES;
				CLANG_WARN_INFINITE_RECURSION = YES;
				CLANG_WARN_INT_CONVERSION = YES;
				CLANG_WARN_NON_LITERAL_NULL_CONVERSION = YES;
				CLANG_WARN_OBJC_IMPLICIT_RETAIN_SELF = YES;
				CLANG_WARN_OBJC_LITERAL_CONVERSION = YES;
				CLANG_WARN_OBJC_ROOT_CLASS = YES_ERROR;
				CLANG_WARN_RANGE_LOOP_ANALYSIS = YES;
				CLANG_WARN_STRICT_PROTOTYPES = YES;
				CLANG_WARN_SUSPICIOUS_MOVE = YES;
				CLANG_WARN_UNGUARDED_AVAILABILITY = YES_AGGRESSIVE;
				CLANG_WARN_UNREACHABLE_CODE = YES;
				CLANG_WARN__DUPLICATE_METHOD_MATCH = YES;
				COPY_PHASE_STRIP = NO;
				DEBUG_INFORMATION_FORMAT = "dwarf-with-dsym";
				ENABLE_NS_ASSERTIONS = NO;
				ENABLE_STRICT_OBJC_MSGSEND = YES;
				GCC_C_LANGUAGE_STANDARD = gnu11;
				GCC_NO_COMMON_BLOCKS = YES;
				GCC_WARN_64_TO_32_BIT_CONVERSION = YES;
				GCC_WARN_ABOUT_RETURN_TYPE = YES_ERROR;
				GCC_WARN_UNDECLARED_SELECTOR = YES;
				GCC_WARN_UNINITIALIZED_AUTOS = YES_AGGRESSIVE;
				GCC_WARN_UNUSED_FUNCTION = YES;
				GCC_WARN_UNUSED_VARIABLE = YES;
				IPHONEOS_DEPLOYMENT_TARGET = 13.4;
				MTL_ENABLE_DEBUG_INFO = NO;
				MTL_FAST_MATH = YES;
				SDKROOT = iphoneos;
				SWIFT_COMPILATION_MODE = wholemodule;
				SWIFT_OPTIMIZATION_LEVEL = "-O";
				VALIDATE_PRODUCT = YES;
			};
			name = Release;
		};
		AADEE03E244DD11B00FC880A /* Debug */ = {
			isa = XCBuildConfiguration;
			buildSettings = {
				ASSETCATALOG_COMPILER_APPICON_NAME = AppIcon;
				CODE_SIGN_STYLE = Automatic;
				INFOPLIST_FILE = WarmodroidSwitch/Info.plist;
				LD_RUNPATH_SEARCH_PATHS = (
					"$(inherited)",
					"@executable_path/Frameworks",
				);
				PRODUCT_BUNDLE_IDENTIFIER = warmodroid.WarmodroidSwitch;
				PRODUCT_NAME = "$(TARGET_NAME)";
				SWIFT_VERSION = 5.0;
				TARGETED_DEVICE_FAMILY = "1,2";
			};
			name = Debug;
		};
		AADEE03F244DD11B00FC880A /* Release */ = {
			isa = XCBuildConfiguration;
			buildSettings = {
				ASSETCATALOG_COMPILER_APPICON_NAME = AppIcon;
				CODE_SIGN_STYLE = Automatic;
				INFOPLIST_FILE = WarmodroidSwitch/Info.plist;
				LD_RUNPATH_SEARCH_PATHS = (
					"$(inherited)",
					"@executable_path/Frameworks",
				);
				PRODUCT_BUNDLE_IDENTIFIER = warmodroid.WarmodroidSwitch;
				PRODUCT_NAME = "$(TARGET_NAME)";
				SWIFT_VERSION = 5.0;
				TARGETED_DEVICE_FAMILY = "1,2";
			};
			name = Release;
		};
/* End XCBuildConfiguration section */

/* Begin XCConfigurationList section */
		AADEE024244DD11A00FC880A /* Build configuration list for PBXProject "WarmodroidSwitch" */ = {
			isa = XCConfigurationList;
			buildConfigurations = (
				AADEE03B244DD11B00FC880A /* Debug */,
				AADEE03C244DD11B00FC880A /* Release */,
			);
			defaultConfigurationIsVisible = 0;
			defaultConfigurationName = Release;
		};
		AADEE03D244DD11B00FC880A /* Build configuration list for PBXNativeTarget "WarmodroidSwitch" */ = {
			isa = XCConfigurationList;
			buildConfigurations = (
				AADEE03E244DD11B00FC880A /* Debug */,
				AADEE03F244DD11B00FC880A /* Release */,
			);
			defaultConfigurationIsVisible = 0;
			defaultConfigurationName = Release;
		};
/* End XCConfigurationList section */
	};
	rootObject = AADEE021244DD11A00FC880A /* Project object */;
}
